
Microsoft Visual Studio Solution File, Format Version 12.00
# Visual Studio 2012
Project("{FAE04EC0-301F-11D3-BF4B-00C04F79EFBC}") = "EjemplosArray", "EjemplosArray\EjemplosArray.csproj", "{8436AB7B-795B-4FE7-8C85-2B8ECEDC9E67}"
EndProject
Project("{FAE04EC0-301F-11D3-BF4B-00C04F79EFBC}") = "Entidades", "Entidades\Entidades.csproj", "{E472F8DF-E52B-4F7D-BFEB-14068E682C7F}"
EndProject
Project("{FAE04EC0-301F-11D3-BF4B-00C04F79EFBC}") = "ConsolaArray", "ConsolaArray\ConsolaArray.csproj", "{3C35458C-4BC5-4A20-A0F0-C4769BBD56A0}"
EndProject
Project("{FAE04EC0-301F-11D3-BF4B-00C04F79EFBC}") = "EntidadesConColecciones", "EntidadesConColecciones\EntidadesConColecciones.csproj", "{7BC6723B-8B82-453D-A99B-9D358EB3EBF2}"
EndProject
Global
	GlobalSection(SolutionConfigurationPlatforms) = preSolution
		Debug|Any CPU = Debug|Any CPU
		Release|Any CPU = Release|Any CPU
	EndGlobalSection
	GlobalSection(ProjectConfigurationPlatforms) = postSolution
		{8436AB7B-795B-4FE7-8C85-2B8ECEDC9E67}.Debug|Any CPU.ActiveCfg = Debug|Any CPU
		{8436AB7B-795B-4FE7-8C85-2B8ECEDC9E67}.Debug|Any CPU.Build.0 = Debug|Any CPU
		{8436AB7B-795B-4FE7-8C85-2B8ECEDC9E67}.Release|Any CPU.ActiveCfg = Release|Any CPU
		{8436AB7B-795B-4FE7-8C85-2B8ECEDC9E67}.Release|Any CPU.Build.0 = Release|Any CPU
		{E472F8DF-E52B-4F7D-BFEB-14068E682C7F}.Debug|Any CPU.ActiveCfg = Debug|Any CPU
		{E472F8DF-E52B-4F7D-BFEB-14068E682C7F}.Debug|Any CPU.Build.0 = Debug|Any CPU
		{E472F8DF-E52B-4F7D-BFEB-14068E682C7F}.Release|Any CPU.ActiveCfg = Release|Any CPU
		{E472F8DF-E52B-4F7D-BFEB-14068E682C7F}.Release|Any CPU.Build.0 = Release|Any CPU
		{3C35458C-4BC5-4A20-A0F0-C4769BBD56A0}.Debug|Any CPU.ActiveCfg = Debug|Any CPU
		{3C35458C-4BC5-4A20-A0F0-C4769BBD56A0}.Debug|Any CPU.Build.0 = Debug|Any CPU
		{3C35458C-4BC5-4A20-A0F0-C4769BBD56A0}.Release|Any CPU.ActiveCfg = Release|Any CPU
		{3C35458C-4BC5-4A20-A0F0-C4769BBD56A0}.Release|Any CPU.Build.0 = Release|Any CPU
		{7BC6723B-8B82-453D-A99B-9D358EB3EBF2}.Debug|Any CPU.ActiveCfg = Debug|Any CPU
		{7BC6723B-8B82-453D-A99B-9D358EB3EBF2}.Debug|Any CPU.Build.0 = Debug|Any CPU
		{7BC6723B-8B82-453D-A99B-9D358EB3EBF2}.Release|Any CPU.ActiveCfg = Release|Any CPU
		{7BC6723B-8B82-453D-A99B-9D358EB3EBF2}.Release|Any CPU.Build.0 = Release|Any CPU
	EndGlobalSection
	GlobalSection(SolutionProperties) = preSolution
		HideSolutionNode = FALSE
	EndGlobalSection
EndGlobal
